
Microsoft Visual Studio Solution File, Format Version 12.00
# Visual Studio 15
VisualStudioVersion = 15.0.28010.2026
MinimumVisualStudioVersion = 10.0.40219.1
Project("{FAE04EC0-301F-11D3-BF4B-00C04F79EFBC}") = "BugPowerTool", "BugPowerTool\BugPowerTool.csproj", "{201E43E2-5D90-4A88-835D-F19A1724537F}"
EndProject
Global
	GlobalSection(SolutionConfigurationPlatforms) = preSolution
		Debug|Any CPU = Debug|Any CPU
		Release|Any CPU = Release|Any CPU
	EndGlobalSection
	GlobalSection(ProjectConfigurationPlatforms) = postSolution
		{201E43E2-5D90-4A88-835D-F19A1724537F}.Debug|Any CPU.ActiveCfg = Debug|Any CPU
		{201E43E2-5D90-4A88-835D-F19A1724537F}.Debug|Any CPU.Build.0 = Debug|Any CPU
		{201E43E2-5D90-4A88-835D-F19A1724537F}.Release|Any CPU.ActiveCfg = Release|Any CPU
		{201E43E2-5D90-4A88-835D-F19A1724537F}.Release|Any CPU.Build.0 = Release|Any CPU
	EndGlobalSection
	GlobalSection(SolutionProperties) = preSolution
		HideSolutionNode = FALSE
	EndGlobalSection
	GlobalSection(ExtensibilityGlobals) = postSolution
		SolutionGuid = {7CC842D2-F270-4EE8-8ED1-0BC0C6D9B69A}
	EndGlobalSection
EndGlobal
